{
  "name": "@bettercorp/service-base-plugin-adbud",
  "version": "1.0.0",
  "lockfileVersion": 2,
  "requires": true,
  "packages": {
    "": {
      "name": "@bettercorp/service-base-plugin-adbud",
      "version": "1.0.0",
      "license": "AGPL-3.0-only",
      "dependencies": {
        "@bettercorp/service-base": "^8.0.8",
        "axios": "^0.26.1"
      },
      "devDependencies": {
        "typescript": "^4.6.2"
      },
      "engines": {
        "node": ">=16.0.0",
        "npm": ">=8.0.0"
      }
    },
    "node_modules/@bettercorp/service-base": {
      "version": "8.0.8",
      "resolved": "https://registry.npmjs.org/@bettercorp/service-base/-/service-base-8.0.8.tgz",
      "integrity": "sha512-PVa4/ZcI6XDrJYOycrK7rIDZVXaRzZHDirw4+1w0CIpGILyimw2u2B5ODmLYlp37+ooASV+HNLc6Z4qxKb0OFQ==",
      "hasInstallScript": true,
      "dependencies": {
        "@bettercorp/tools": "^2.0.20220714140658"
      },
      "bin": {
        "bsb": "lib/bootstrap.js"
      },
      "engines": {
        "node": ">=16.0.0",
        "npm": ">=8.0.0"
      }
    },
    "node_modules/@bettercorp/tools": {
      "version": "2.1.16",
      "resolved": "https://registry.npmjs.org/@bettercorp/tools/-/tools-2.1.16.tgz",
      "integrity": "sha512-A1cJBCMDu1fCc/2YMoNwGPzaRCkMGOwjpEzT/v3IoAFN0/O6c6m77MkjJ4HFfmrXv3uxxxo4G6oOg7k319+pnw==",
      "dependencies": {
        "@types/node": "^18.6.3",
        "crypto-js": "^4.1.1",
        "just-clone": "^6.0.1",
        "moment": "^2.29.4"
      }
    },
    "node_modules/@types/node": {
      "version": "18.7.18",
      "resolved": "https://registry.npmjs.org/@types/node/-/node-18.7.18.tgz",
      "integrity": "sha512-m+6nTEOadJZuTPkKR/SYK3A2d7FZrgElol9UP1Kae90VVU4a6mxnPuLiIW1m4Cq4gZ/nWb9GrdVXJCoCazDAbg=="
    },
    "node_modules/axios": {
      "version": "0.26.1",
      "resolved": "https://registry.npmjs.org/axios/-/axios-0.26.1.tgz",
      "integrity": "sha512-fPwcX4EvnSHuInCMItEhAGnaSEXRBjtzh9fOtsE6E1G6p7vl7edEeZe11QHf18+6+9gR5PbKV/sGKNaD8YaMeA==",
      "dependencies": {
        "follow-redirects": "^1.14.8"
      }
    },
    "node_modules/crypto-js": {
      "version": "4.1.1",
      "resolved": "https://registry.npmjs.org/crypto-js/-/crypto-js-4.1.1.tgz",
      "integrity": "sha512-o2JlM7ydqd3Qk9CA0L4NL6mTzU2sdx96a+oOfPu8Mkl/PK51vSyoi8/rQ8NknZtk44vq15lmhAj9CIAGwgeWKw=="
    },
    "node_modules/follow-redirects": {
      "version": "1.15.1",
      "resolved": "https://registry.npmjs.org/follow-redirects/-/follow-redirects-1.15.1.tgz",
      "integrity": "sha512-yLAMQs+k0b2m7cVxpS1VKJVvoz7SS9Td1zss3XRwXj+ZDH00RJgnuLx7E44wx02kQLrdM3aOOy+FpzS7+8OizA==",
      "funding": [
        {
          "type": "individual",
          "url": "https://github.com/sponsors/RubenVerborgh"
        }
      ],
      "engines": {
        "node": ">=4.0"
      },
      "peerDependenciesMeta": {
        "debug": {
          "optional": true
        }
      }
    },
    "node_modules/just-clone": {
      "version": "6.1.1",
      "resolved": "https://registry.npmjs.org/just-clone/-/just-clone-6.1.1.tgz",
      "integrity": "sha512-V24KLIid8uaG7ayOymGfheNHtxgrbpzj1UznQnF9vQZMHlKGTSLT3WWmFx62OXSQPwk1Tn+uo+H5/Xhb4bL9pA=="
    },
    "node_modules/moment": {
      "version": "2.29.4",
      "resolved": "https://registry.npmjs.org/moment/-/moment-2.29.4.tgz",
      "integrity": "sha512-5LC9SOxjSc2HF6vO2CyuTDNivEdoz2IvyJJGj6X8DJ0eFyfszE0QiEd+iXmBvUP3WHxSjFH/vIsA0EN00cgr8w==",
      "engines": {
        "node": "*"
      }
    },
    "node_modules/typescript": {
      "version": "4.8.3",
      "resolved": "https://registry.npmjs.org/typescript/-/typescript-4.8.3.tgz",
      "integrity": "sha512-goMHfm00nWPa8UvR/CPSvykqf6dVV8x/dp0c5mFTMTIu0u0FlGWRioyy7Nn0PGAdHxpJZnuO/ut+PpQ8UiHAig==",
      "dev": true,
      "bin": {
        "tsc": "bin/tsc",
        "tsserver": "bin/tsserver"
      },
      "engines": {
        "node": ">=4.2.0"
      }
    }
  },
  "dependencies": {
    "@bettercorp/service-base": {
      "version": "8.0.8",
      "resolved": "https://registry.npmjs.org/@bettercorp/service-base/-/service-base-8.0.8.tgz",
      "integrity": "sha512-PVa4/ZcI6XDrJYOycrK7rIDZVXaRzZHDirw4+1w0CIpGILyimw2u2B5ODmLYlp37+ooASV+HNLc6Z4qxKb0OFQ==",
      "requires": {
        "@bettercorp/tools": "^2.0.20220714140658"
      }
    },
    "@bettercorp/tools": {
      "version": "2.1.16",
      "resolved": "https://registry.npmjs.org/@bettercorp/tools/-/tools-2.1.16.tgz",
      "integrity": "sha512-A1cJBCMDu1fCc/2YMoNwGPzaRCkMGOwjpEzT/v3IoAFN0/O6c6m77MkjJ4HFfmrXv3uxxxo4G6oOg7k319+pnw==",
      "requires": {
        "@types/node": "^18.6.3",
        "crypto-js": "^4.1.1",
        "just-clone": "^6.0.1",
        "moment": "^2.29.4"
      }
    },
    "@types/node": {
      "version": "18.7.18",
      "resolved": "https://registry.npmjs.org/@types/node/-/node-18.7.18.tgz",
      "integrity": "sha512-m+6nTEOadJZuTPkKR/SYK3A2d7FZrgElol9UP1Kae90VVU4a6mxnPuLiIW1m4Cq4gZ/nWb9GrdVXJCoCazDAbg=="
    },
    "axios": {
      "version": "0.26.1",
      "resolved": "https://registry.npmjs.org/axios/-/axios-0.26.1.tgz",
      "integrity": "sha512-fPwcX4EvnSHuInCMItEhAGnaSEXRBjtzh9fOtsE6E1G6p7vl7edEeZe11QHf18+6+9gR5PbKV/sGKNaD8YaMeA==",
      "requires": {
        "follow-redirects": "^1.14.8"
      }
    },
    "crypto-js": {
      "version": "4.1.1",
      "resolved": "https://registry.npmjs.org/crypto-js/-/crypto-js-4.1.1.tgz",
      "integrity": "sha512-o2JlM7ydqd3Qk9CA0L4NL6mTzU2sdx96a+oOfPu8Mkl/PK51vSyoi8/rQ8NknZtk44vq15lmhAj9CIAGwgeWKw=="
    },
    "follow-redirects": {
      "version": "1.15.1",
      "resolved": "https://registry.npmjs.org/follow-redirects/-/follow-redirects-1.15.1.tgz",
      "integrity": "sha512-yLAMQs+k0b2m7cVxpS1VKJVvoz7SS9Td1zss3XRwXj+ZDH00RJgnuLx7E44wx02kQLrdM3aOOy+FpzS7+8OizA=="
    },
    "just-clone": {
      "version": "6.1.1",
      "resolved": "https://registry.npmjs.org/just-clone/-/just-clone-6.1.1.tgz",
      "integrity": "sha512-V24KLIid8uaG7ayOymGfheNHtxgrbpzj1UznQnF9vQZMHlKGTSLT3WWmFx62OXSQPwk1Tn+uo+H5/Xhb4bL9pA=="
    },
    "moment": {
      "version": "2.29.4",
      "resolved": "https://registry.npmjs.org/moment/-/moment-2.29.4.tgz",
      "integrity": "sha512-5LC9SOxjSc2HF6vO2CyuTDNivEdoz2IvyJJGj6X8DJ0eFyfszE0QiEd+iXmBvUP3WHxSjFH/vIsA0EN00cgr8w=="
    },
    "typescript": {
      "version": "4.8.3",
      "resolved": "https://registry.npmjs.org/typescript/-/typescript-4.8.3.tgz",
      "integrity": "sha512-goMHfm00nWPa8UvR/CPSvykqf6dVV8x/dp0c5mFTMTIu0u0FlGWRioyy7Nn0PGAdHxpJZnuO/ut+PpQ8UiHAig==",
      "dev": true
    }
  }
}
